
Microsoft Visual Studio Solution File, Format Version 12.00
# Visual Studio Version 17
VisualStudioVersion = 17.2.32630.192
MinimumVisualStudioVersion = 10.0.40219.1
Project("{9A19103F-16F7-4668-BE54-9A1E7A4F7556}") = "User.Api", "User.Api\User.Api.csproj", "{7527F850-8288-4E0B-A5CE-C607166B22B4}"
EndProject
Project("{9A19103F-16F7-4668-BE54-9A1E7A4F7556}") = "Ticket.Api", "Ticket.Api\Ticket.Api.csproj", "{227D23F6-F977-4F20-A416-F546CB65CAD7}"
EndProject
Global
	GlobalSection(SolutionConfigurationPlatforms) = preSolution
		Debug|Any CPU = Debug|Any CPU
		Release|Any CPU = Release|Any CPU
	EndGlobalSection
	GlobalSection(ProjectConfigurationPlatforms) = postSolution
		{7527F850-8288-4E0B-A5CE-C607166B22B4}.Debug|Any CPU.ActiveCfg = Debug|Any CPU
		{7527F850-8288-4E0B-A5CE-C607166B22B4}.Debug|Any CPU.Build.0 = Debug|Any CPU
		{7527F850-8288-4E0B-A5CE-C607166B22B4}.Release|Any CPU.ActiveCfg = Release|Any CPU
		{7527F850-8288-4E0B-A5CE-C607166B22B4}.Release|Any CPU.Build.0 = Release|Any CPU
		{227D23F6-F977-4F20-A416-F546CB65CAD7}.Debug|Any CPU.ActiveCfg = Debug|Any CPU
		{227D23F6-F977-4F20-A416-F546CB65CAD7}.Debug|Any CPU.Build.0 = Debug|Any CPU
		{227D23F6-F977-4F20-A416-F546CB65CAD7}.Release|Any CPU.ActiveCfg = Release|Any CPU
		{227D23F6-F977-4F20-A416-F546CB65CAD7}.Release|Any CPU.Build.0 = Release|Any CPU
	EndGlobalSection
	GlobalSection(SolutionProperties) = preSolution
		HideSolutionNode = FALSE
	EndGlobalSection
	GlobalSection(ExtensibilityGlobals) = postSolution
		SolutionGuid = {220DA68A-46D4-4904-8BA2-6A4F70F30004}
	EndGlobalSection
EndGlobal
